
Microsoft Visual Studio Solution File, Format Version 12.00
# Visual Studio Version 16
VisualStudioVersion = 16.0.29613.14
MinimumVisualStudioVersion = 10.0.40219.1
Project("{FAE04EC0-301F-11D3-BF4B-00C04F79EFBC}") = "WebUI", "WebUI\WebUI.csproj", "{44987516-452E-45E6-830A-B3BE4247DFE8}"
EndProject
Project("{FAE04EC0-301F-11D3-BF4B-00C04F79EFBC}") = "DAL", "DAL\DAL.csproj", "{8EB0DCCC-CE94-4077-A7D5-378EA263D665}"
EndProject
Project("{FAE04EC0-301F-11D3-BF4B-00C04F79EFBC}") = "BLL", "BLL\BLL.csproj", "{9949F544-9432-4FB5-978E-15A4BC842006}"
EndProject
Project("{FAE04EC0-301F-11D3-BF4B-00C04F79EFBC}") = "Model", "Model\Model.csproj", "{C8241314-3829-48B4-9ACE-F3870CECBA0A}"
EndProject
Global
	GlobalSection(SolutionConfigurationPlatforms) = preSolution
		Debug|Any CPU = Debug|Any CPU
		Release|Any CPU = Release|Any CPU
	EndGlobalSection
	GlobalSection(ProjectConfigurationPlatforms) = postSolution
		{44987516-452E-45E6-830A-B3BE4247DFE8}.Debug|Any CPU.ActiveCfg = Debug|Any CPU
		{44987516-452E-45E6-830A-B3BE4247DFE8}.Debug|Any CPU.Build.0 = Debug|Any CPU
		{44987516-452E-45E6-830A-B3BE4247DFE8}.Release|Any CPU.ActiveCfg = Release|Any CPU
		{44987516-452E-45E6-830A-B3BE4247DFE8}.Release|Any CPU.Build.0 = Release|Any CPU
		{8EB0DCCC-CE94-4077-A7D5-378EA263D665}.Debug|Any CPU.ActiveCfg = Debug|Any CPU
		{8EB0DCCC-CE94-4077-A7D5-378EA263D665}.Debug|Any CPU.Build.0 = Debug|Any CPU
		{8EB0DCCC-CE94-4077-A7D5-378EA263D665}.Release|Any CPU.ActiveCfg = Release|Any CPU
		{8EB0DCCC-CE94-4077-A7D5-378EA263D665}.Release|Any CPU.Build.0 = Release|Any CPU
		{9949F544-9432-4FB5-978E-15A4BC842006}.Debug|Any CPU.ActiveCfg = Debug|Any CPU
		{9949F544-9432-4FB5-978E-15A4BC842006}.Debug|Any CPU.Build.0 = Debug|Any CPU
		{9949F544-9432-4FB5-978E-15A4BC842006}.Release|Any CPU.ActiveCfg = Release|Any CPU
		{9949F544-9432-4FB5-978E-15A4BC842006}.Release|Any CPU.Build.0 = Release|Any CPU
		{C8241314-3829-48B4-9ACE-F3870CECBA0A}.Debug|Any CPU.ActiveCfg = Debug|Any CPU
		{C8241314-3829-48B4-9ACE-F3870CECBA0A}.Debug|Any CPU.Build.0 = Debug|Any CPU
		{C8241314-3829-48B4-9ACE-F3870CECBA0A}.Release|Any CPU.ActiveCfg = Release|Any CPU
		{C8241314-3829-48B4-9ACE-F3870CECBA0A}.Release|Any CPU.Build.0 = Release|Any CPU
	EndGlobalSection
	GlobalSection(SolutionProperties) = preSolution
		HideSolutionNode = FALSE
	EndGlobalSection
	GlobalSection(ExtensibilityGlobals) = postSolution
		SolutionGuid = {72133975-66A7-493A-AECD-F8B3D3E0E187}
	EndGlobalSection
EndGlobal
